// !$*UTF8*$!
{
	archiveVersion = 1;
	classes = {
	};
	objectVersion = 51;
	objects = {

/* Begin PBXBuildFile section */
		217AEA82CC8EBF638AF4962B /* Pods_OfflineGPSTracker_iOS.framework in Frameworks */ = {isa = PBXBuildFile; fileRef = 635A0FB930C13457AFD7AB7F /* Pods_OfflineGPSTracker_iOS.framework */; };
		5B64C56655293ACEA8E02723 /* Pods_OfflineGPSTracker_iOSUITests.framework in Frameworks */ = {isa = PBXBuildFile; fileRef = 38DFF0021E7D6BBFA7053847 /* Pods_OfflineGPSTracker_iOSUITests.framework */; };
		84B6AB0D2C1FF52800F33E5C /* AppDelegate.swift in Sources */ = {isa = PBXBuildFile; fileRef = 84B6AB0C2C1FF52800F33E5C /* AppDelegate.swift */; };
		84B6AB0F2C1FF52800F33E5C /* ViewController.swift in Sources */ = {isa = PBXBuildFile; fileRef = 84B6AB0E2C1FF52800F33E5C /* ViewController.swift */; };
		84B6AB122C1FF52800F33E5C /* Main.storyboard in Resources */ = {isa = PBXBuildFile; fileRef = 84B6AB102C1FF52800F33E5C /* Main.storyboard */; };
		84B6AB152C1FF52800F33E5C /* OfflineGPSTracker_iOS.xcdatamodeld in Sources */ = {isa = PBXBuildFile; fileRef = 84B6AB132C1FF52800F33E5C /* OfflineGPSTracker_iOS.xcdatamodeld */; };
		84B6AB172C1FF52A00F33E5C /* Assets.xcassets in Resources */ = {isa = PBXBuildFile; fileRef = 84B6AB162C1FF52A00F33E5C /* Assets.xcassets */; };
		84B6AB1A2C1FF52A00F33E5C /* LaunchScreen.storyboard in Resources */ = {isa = PBXBuildFile; fileRef = 84B6AB182C1FF52A00F33E5C /* LaunchScreen.storyboard */; };
		84B6AB252C1FF52A00F33E5C /* OfflineGPSTracker_iOSTests.swift in Sources */ = {isa = PBXBuildFile; fileRef = 84B6AB242C1FF52A00F33E5C /* OfflineGPSTracker_iOSTests.swift */; };
		84B6AB302C1FF52A00F33E5C /* OfflineGPSTracker_iOSUITests.swift in Sources */ = {isa = PBXBuildFile; fileRef = 84B6AB2F2C1FF52A00F33E5C /* OfflineGPSTracker_iOSUITests.swift */; };
		E4266DB8DE498512BC016549 /* Pods_OfflineGPSTracker_iOSTests.framework in Frameworks */ = {isa = PBXBuildFile; fileRef = 4D4F482A535A10F348B399C5 /* Pods_OfflineGPSTracker_iOSTests.framework */; };
/* End PBXBuildFile section */

/* Begin PBXContainerItemProxy section */
		84B6AB212C1FF52A00F33E5C /* PBXContainerItemProxy */ = {
			isa = PBXContainerItemProxy;
			containerPortal = 84B6AB012C1FF52800F33E5C /* Project object */;
			proxyType = 1;
			remoteGlobalIDString = 84B6AB082C1FF52800F33E5C;
			remoteInfo = OfflineGPSTracker_iOS;
		};
		84B6AB2C2C1FF52A00F33E5C /* PBXContainerItemProxy */ = {
			isa = PBXContainerItemProxy;
			containerPortal = 84B6AB012C1FF52800F33E5C /* Project object */;
			proxyType = 1;
			remoteGlobalIDString = 84B6AB082C1FF52800F33E5C;
			remoteInfo = OfflineGPSTracker_iOS;
		};
/* End PBXContainerItemProxy section */

/* Begin PBXFileReference section */
		094E4DF886790A2496DCB8F2 /* Pods-OfflineGPSTracker_iOSTests.release.xcconfig */ = {isa = PBXFileReference; includeInIndex = 1; lastKnownFileType = text.xcconfig; name = "Pods-OfflineGPSTracker_iOSTests.release.xcconfig"; path = "Target Support Files/Pods-OfflineGPSTracker_iOSTests/Pods-OfflineGPSTracker_iOSTests.release.xcconfig"; sourceTree = "<group>"; };
		0AC5160AFD646EC5E5B75BC3 /* Pods-OfflineGPSTracker_iOSTests.debug.xcconfig */ = {isa = PBXFileReference; includeInIndex = 1; lastKnownFileType = text.xcconfig; name = "Pods-OfflineGPSTracker_iOSTests.debug.xcconfig"; path = "Target Support Files/Pods-OfflineGPSTracker_iOSTests/Pods-OfflineGPSTracker_iOSTests.debug.xcconfig"; sourceTree = "<group>"; };
		0C80BD948E8FEA29F9DE7236 /* Pods-OfflineGPSTracker_iOSUITests.debug.xcconfig */ = {isa = PBXFileReference; includeInIndex = 1; lastKnownFileType = text.xcconfig; name = "Pods-OfflineGPSTracker_iOSUITests.debug.xcconfig"; path = "Target Support Files/Pods-OfflineGPSTracker_iOSUITests/Pods-OfflineGPSTracker_iOSUITests.debug.xcconfig"; sourceTree = "<group>"; };
		1973997ED137FC03E97D9C89 /* Pods-OfflineGPSTracker_iOS.debug.xcconfig */ = {isa = PBXFileReference; includeInIndex = 1; lastKnownFileType = text.xcconfig; name = "Pods-OfflineGPSTracker_iOS.debug.xcconfig"; path = "Target Support Files/Pods-OfflineGPSTracker_iOS/Pods-OfflineGPSTracker_iOS.debug.xcconfig"; sourceTree = "<group>"; };
		38DFF0021E7D6BBFA7053847 /* Pods_OfflineGPSTracker_iOSUITests.framework */ = {isa = PBXFileReference; explicitFileType = wrapper.framework; includeInIndex = 0; path = Pods_OfflineGPSTracker_iOSUITests.framework; sourceTree = BUILT_PRODUCTS_DIR; };
		4D4F482A535A10F348B399C5 /* Pods_OfflineGPSTracker_iOSTests.framework */ = {isa = PBXFileReference; explicitFileType = wrapper.framework; includeInIndex = 0; path = Pods_OfflineGPSTracker_iOSTests.framework; sourceTree = BUILT_PRODUCTS_DIR; };
		635A0FB930C13457AFD7AB7F /* Pods_OfflineGPSTracker_iOS.framework */ = {isa = PBXFileReference; explicitFileType = wrapper.framework; includeInIndex = 0; path = Pods_OfflineGPSTracker_iOS.framework; sourceTree = BUILT_PRODUCTS_DIR; };
		84480BFA2C2125D5004D7814 /* OfflineGPSTracker_iOS.xcdatamodel */ = {isa = PBXFileReference; explicitFileType = wrapper.xcdatamodeld; path = OfflineGPSTracker_iOS.xcdatamodel; sourceTree = "<group>"; };
		84B6AB092C1FF52800F33E5C /* OfflineGPSTracker_iOS.app */ = {isa = PBXFileReference; explicitFileType = wrapper.application; includeInIndex = 0; path = OfflineGPSTracker_iOS.app; sourceTree = BUILT_PRODUCTS_DIR; };
		84B6AB0C2C1FF52800F33E5C /* AppDelegate.swift */ = {isa = PBXFileReference; lastKnownFileType = sourcecode.swift; path = AppDelegate.swift; sourceTree = "<group>"; };
		84B6AB0E2C1FF52800F33E5C /* ViewController.swift */ = {isa = PBXFileReference; lastKnownFileType = sourcecode.swift; path = ViewController.swift; sourceTree = "<group>"; };
		84B6AB112C1FF52800F33E5C /* Base */ = {isa = PBXFileReference; lastKnownFileType = file.storyboard; name = Base; path = Base.lproj/Main.storyboard; sourceTree = "<group>"; };
		84B6AB142C1FF52800F33E5C /* OfflineGPSTracker_iOS.xcdatamodel */ = {isa = PBXFileReference; explicitFileType = wrapper.xcdatamodeld; path = OfflineGPSTracker_iOS.xcdatamodel; sourceTree = "<group>"; };
		84B6AB162C1FF52A00F33E5C /* Assets.xcassets */ = {isa = PBXFileReference; lastKnownFileType = folder.assetcatalog; path = Assets.xcassets; sourceTree = "<group>"; };
		84B6AB192C1FF52A00F33E5C /* Base */ = {isa = PBXFileReference; lastKnownFileType = file.storyboard; name = Base; path = Base.lproj/LaunchScreen.storyboard; sourceTree = "<group>"; };
		84B6AB1B2C1FF52A00F33E5C /* Info.plist */ = {isa = PBXFileReference; lastKnownFileType = text.plist.xml; path = Info.plist; sourceTree = "<group>"; };
		84B6AB202C1FF52A00F33E5C /* OfflineGPSTracker_iOSTests.xctest */ = {isa = PBXFileReference; explicitFileType = wrapper.cfbundle; includeInIndex = 0; path = OfflineGPSTracker_iOSTests.xctest; sourceTree = BUILT_PRODUCTS_DIR; };
		84B6AB242C1FF52A00F33E5C /* OfflineGPSTracker_iOSTests.swift */ = {isa = PBXFileReference; lastKnownFileType = sourcecode.swift; path = OfflineGPSTracker_iOSTests.swift; sourceTree = "<group>"; };
		84B6AB262C1FF52A00F33E5C /* Info.plist */ = {isa = PBXFileReference; lastKnownFileType = text.plist.xml; path = Info.plist; sourceTree = "<group>"; };
		84B6AB2B2C1FF52A00F33E5C /* OfflineGPSTracker_iOSUITests.xctest */ = {isa = PBXFileReference; explicitFileType = wrapper.cfbundle; includeInIndex = 0; path = OfflineGPSTracker_iOSUITests.xctest; sourceTree = BUILT_PRODUCTS_DIR; };
		84B6AB2F2C1FF52A00F33E5C /* OfflineGPSTracker_iOSUITests.swift */ = {isa = PBXFileReference; lastKnownFileType = sourcecode.swift; path = OfflineGPSTracker_iOSUITests.swift; sourceTree = "<group>"; };
		84B6AB312C1FF52A00F33E5C /* Info.plist */ = {isa = PBXFileReference; lastKnownFileType = text.plist.xml; path = Info.plist; sourceTree = "<group>"; };
		ABCF25B737980C0BA4CD7902 /* Pods-OfflineGPSTracker_iOS.release.xcconfig */ = {isa = PBXFileReference; includeInIndex = 1; lastKnownFileType = text.xcconfig; name = "Pods-OfflineGPSTracker_iOS.release.xcconfig"; path = "Target Support Files/Pods-OfflineGPSTracker_iOS/Pods-OfflineGPSTracker_iOS.release.xcconfig"; sourceTree = "<group>"; };
		EF24F2124EBE240C02DACE9D /* Pods-OfflineGPSTracker_iOSUITests.release.xcconfig */ = {isa = PBXFileReference; includeInIndex = 1; lastKnownFileType = text.xcconfig; name = "Pods-OfflineGPSTracker_iOSUITests.release.xcconfig"; path = "Target Support Files/Pods-OfflineGPSTracker_iOSUITests/Pods-OfflineGPSTracker_iOSUITests.release.xcconfig"; sourceTree = "<group>"; };
/* End PBXFileReference section */

/* Begin PBXFrameworksBuildPhase section */
		84B6AB062C1FF52800F33E5C /* Frameworks */ = {
			isa = PBXFrameworksBuildPhase;
			buildActionMask = 2147483647;
			files = (
				217AEA82CC8EBF638AF4962B /* Pods_OfflineGPSTracker_iOS.framework in Frameworks */,
			);
			runOnlyForDeploymentPostprocessing = 0;
		};
		84B6AB1D2C1FF52A00F33E5C /* Frameworks */ = {
			isa = PBXFrameworksBuildPhase;
			buildActionMask = 2147483647;
			files = (
				E4266DB8DE498512BC016549 /* Pods_OfflineGPSTracker_iOSTests.framework in Frameworks */,
			);
			runOnlyForDeploymentPostprocessing = 0;
		};
		84B6AB282C1FF52A00F33E5C /* Frameworks */ = {
			isa = PBXFrameworksBuildPhase;
			buildActionMask = 2147483647;
			files = (
				5B64C56655293ACEA8E02723 /* Pods_OfflineGPSTracker_iOSUITests.framework in Frameworks */,
			);
			runOnlyForDeploymentPostprocessing = 0;
		};
/* End PBXFrameworksBuildPhase section */

/* Begin PBXGroup section */
		2912685461384A0A9EDF98E0 /* Frameworks */ = {
			isa = PBXGroup;
			children = (
				635A0FB930C13457AFD7AB7F /* Pods_OfflineGPSTracker_iOS.framework */,
				4D4F482A535A10F348B399C5 /* Pods_OfflineGPSTracker_iOSTests.framework */,
				38DFF0021E7D6BBFA7053847 /* Pods_OfflineGPSTracker_iOSUITests.framework */,
			);
			name = Frameworks;
			sourceTree = "<group>";
		};
		3658389517A8A3798D415656 /* Pods */ = {
			isa = PBXGroup;
			children = (
				1973997ED137FC03E97D9C89 /* Pods-OfflineGPSTracker_iOS.debug.xcconfig */,
				ABCF25B737980C0BA4CD7902 /* Pods-OfflineGPSTracker_iOS.release.xcconfig */,
				0AC5160AFD646EC5E5B75BC3 /* Pods-OfflineGPSTracker_iOSTests.debug.xcconfig */,
				094E4DF886790A2496DCB8F2 /* Pods-OfflineGPSTracker_iOSTests.release.xcconfig */,
				0C80BD948E8FEA29F9DE7236 /* Pods-OfflineGPSTracker_iOSUITests.debug.xcconfig */,
				EF24F2124EBE240C02DACE9D /* Pods-OfflineGPSTracker_iOSUITests.release.xcconfig */,
			);
			path = Pods;
			sourceTree = "<group>";
		};
		84B6AB002C1FF52800F33E5C = {
			isa = PBXGroup;
			children = (
				84B6AB0B2C1FF52800F33E5C /* OfflineGPSTracker_iOS */,
				84B6AB232C1FF52A00F33E5C /* OfflineGPSTracker_iOSTests */,
				84B6AB2E2C1FF52A00F33E5C /* OfflineGPSTracker_iOSUITests */,
				84B6AB0A2C1FF52800F33E5C /* Products */,
				3658389517A8A3798D415656 /* Pods */,
				2912685461384A0A9EDF98E0 /* Frameworks */,
			);
			sourceTree = "<group>";
		};
		84B6AB0A2C1FF52800F33E5C /* Products */ = {
			isa = PBXGroup;
			children = (
				84B6AB092C1FF52800F33E5C /* OfflineGPSTracker_iOS.app */,
				84B6AB202C1FF52A00F33E5C /* OfflineGPSTracker_iOSTests.xctest */,
				84B6AB2B2C1FF52A00F33E5C /* OfflineGPSTracker_iOSUITests.xctest */,
			);
			name = Products;
			sourceTree = "<group>";
		};
		84B6AB0B2C1FF52800F33E5C /* OfflineGPSTracker_iOS */ = {
			isa = PBXGroup;
			children = (
				84B6AB0C2C1FF52800F33E5C /* AppDelegate.swift */,
				84B6AB0E2C1FF52800F33E5C /* ViewController.swift */,
				84B6AB102C1FF52800F33E5C /* Main.storyboard */,
				84B6AB162C1FF52A00F33E5C /* Assets.xcassets */,
				84B6AB182C1FF52A00F33E5C /* LaunchScreen.storyboard */,
				84B6AB1B2C1FF52A00F33E5C /* Info.plist */,
				84B6AB132C1FF52800F33E5C /* OfflineGPSTracker_iOS.xcdatamodeld */,
			);
			path = OfflineGPSTracker_iOS;
			sourceTree = "<group>";
		};
		84B6AB232C1FF52A00F33E5C /* OfflineGPSTracker_iOSTests */ = {
			isa = PBXGroup;
			children = (
				84B6AB242C1FF52A00F33E5C /* OfflineGPSTracker_iOSTests.swift */,
				84B6AB262C1FF52A00F33E5C /* Info.plist */,
			);
			path = OfflineGPSTracker_iOSTests;
			sourceTree = "<group>";
		};
		84B6AB2E2C1FF52A00F33E5C /* OfflineGPSTracker_iOSUITests */ = {
			isa = PBXGroup;
			children = (
				84B6AB2F2C1FF52A00F33E5C /* OfflineGPSTracker_iOSUITests.swift */,
				84B6AB312C1FF52A00F33E5C /* Info.plist */,
			);
			path = OfflineGPSTracker_iOSUITests;
			sourceTree = "<group>";
		};
/* End PBXGroup section */

/* Begin PBXNativeTarget section */
		84B6AB082C1FF52800F33E5C /* OfflineGPSTracker_iOS */ = {
			isa = PBXNativeTarget;
			buildConfigurationList = 84B6AB342C1FF52A00F33E5C /* Build configuration list for PBXNativeTarget "OfflineGPSTracker_iOS" */;
			buildPhases = (
				79F1A30BB51A8F4D0E45C3D8 /* [CP] Check Pods Manifest.lock */,
				84B6AB052C1FF52800F33E5C /* Sources */,
				84B6AB062C1FF52800F33E5C /* Frameworks */,
				84B6AB072C1FF52800F33E5C /* Resources */,
				58093917B209634CCE13EBFB /* [CP] Embed Pods Frameworks */,
			);
			buildRules = (
			);
			dependencies = (
			);
			name = OfflineGPSTracker_iOS;
			productName = OfflineGPSTracker_iOS;
			productReference = 84B6AB092C1FF52800F33E5C /* OfflineGPSTracker_iOS.app */;
			productType = "com.apple.product-type.application";
		};
		84B6AB1F2C1FF52A00F33E5C /* OfflineGPSTracker_iOSTests */ = {
			isa = PBXNativeTarget;
			buildConfigurationList = 84B6AB372C1FF52A00F33E5C /* Build configuration list for PBXNativeTarget "OfflineGPSTracker_iOSTests" */;
			buildPhases = (
				8E03802BBB266B65B067C7F0 /* [CP] Check Pods Manifest.lock */,
				84B6AB1C2C1FF52A00F33E5C /* Sources */,
				84B6AB1D2C1FF52A00F33E5C /* Frameworks */,
				84B6AB1E2C1FF52A00F33E5C /* Resources */,
			);
			buildRules = (
			);
			dependencies = (
				84B6AB222C1FF52A00F33E5C /* PBXTargetDependency */,
			);
			name = OfflineGPSTracker_iOSTests;
			productName = OfflineGPSTracker_iOSTests;
			productReference = 84B6AB202C1FF52A00F33E5C /* OfflineGPSTracker_iOSTests.xctest */;
			productType = "com.apple.product-type.bundle.unit-test";
		};
		84B6AB2A2C1FF52A00F33E5C /* OfflineGPSTracker_iOSUITests */ = {
			isa = PBXNativeTarget;
			buildConfigurationList = 84B6AB3A2C1FF52A00F33E5C /* Build configuration list for PBXNativeTarget "OfflineGPSTracker_iOSUITests" */;
			buildPhases = (
				DD1A3886E8A49648E349FD75 /* [CP] Check Pods Manifest.lock */,
				84B6AB272C1FF52A00F33E5C /* Sources */,
				84B6AB282C1FF52A00F33E5C /* Frameworks */,
				84B6AB292C1FF52A00F33E5C /* Resources */,
			);
			buildRules = (
			);
			dependencies = (
				84B6AB2D2C1FF52A00F33E5C /* PBXTargetDependency */,
			);
			name = OfflineGPSTracker_iOSUITests;
			productName = OfflineGPSTracker_iOSUITests;
			productReference = 84B6AB2B2C1FF52A00F33E5C /* OfflineGPSTracker_iOSUITests.xctest */;
			productType = "com.apple.product-type.bundle.ui-testing";
		};
/* End PBXNativeTarget section */

/* Begin PBXProject section */
		84B6AB012C1FF52800F33E5C /* Project object */ = {
			isa = PBXProject;
			attributes = {
				LastSwiftUpdateCheck = 1000;
				LastUpgradeCheck = 1240;
				ORGANIZATIONNAME = "Amazon Jungle";
				TargetAttributes = {
					84B6AB082C1FF52800F33E5C = {
						CreatedOnToolsVersion = 10.0;
					};
					84B6AB1F2C1FF52A00F33E5C = {
						CreatedOnToolsVersion = 10.0;
						TestTargetID = 84B6AB082C1FF52800F33E5C;
					};
					84B6AB2A2C1FF52A00F33E5C = {
						CreatedOnToolsVersion = 10.0;
						TestTargetID = 84B6AB082C1FF52800F33E5C;
					};
				};
			};
			buildConfigurationList = 84B6AB042C1FF52800F33E5C /* Build configuration list for PBXProject "OfflineGPSTracker_iOS" */;
			compatibilityVersion = "Xcode 9.3";
			developmentRegion = en;
			hasScannedForEncodings = 0;
			knownRegions = (
				en,
				Base,
			);
			mainGroup = 84B6AB002C1FF52800F33E5C;
			productRefGroup = 84B6AB0A2C1FF52800F33E5C /* Products */;
			projectDirPath = "";
			projectRoot = "";
			targets = (
				84B6AB082C1FF52800F33E5C /* OfflineGPSTracker_iOS */,
				84B6AB1F2C1FF52A00F33E5C /* OfflineGPSTracker_iOSTests */,
				84B6AB2A2C1FF52A00F33E5C /* OfflineGPSTracker_iOSUITests */,
			);
		};
/* End PBXProject section */

/* Begin PBXResourcesBuildPhase section */
		84B6AB072C1FF52800F33E5C /* Resources */ = {
			isa = PBXResourcesBuildPhase;
			buildActionMask = 2147483647;
			files = (
				84B6AB1A2C1FF52A00F33E5C /* LaunchScreen.storyboard in Resources */,
				84B6AB172C1FF52A00F33E5C /* Assets.xcassets in Resources */,
				84B6AB122C1FF52800F33E5C /* Main.storyboard in Resources */,
			);
			runOnlyForDeploymentPostprocessing = 0;
		};
		84B6AB1E2C1FF52A00F33E5C /* Resources */ = {
			isa = PBXResourcesBuildPhase;
			buildActionMask = 2147483647;
			files = (
			);
			runOnlyForDeploymentPostprocessing = 0;
		};
		84B6AB292C1FF52A00F33E5C /* Resources */ = {
			isa = PBXResourcesBuildPhase;
			buildActionMask = 2147483647;
			files = (
			);
			runOnlyForDeploymentPostprocessing = 0;
		};
/* End PBXResourcesBuildPhase section */

/* Begin PBXShellScriptBuildPhase section */
		58093917B209634CCE13EBFB /* [CP] Embed Pods Frameworks */ = {
			isa = PBXShellScriptBuildPhase;
			buildActionMask = 2147483647;
			files = (
			);
			inputFileListPaths = (
				"${PODS_ROOT}/Target Support Files/Pods-OfflineGPSTracker_iOS/Pods-OfflineGPSTracker_iOS-frameworks-${CONFIGURATION}-input-files.xcfilelist",
			);
			name = "[CP] Embed Pods Frameworks";
			outputFileListPaths = (
				"${PODS_ROOT}/Target Support Files/Pods-OfflineGPSTracker_iOS/Pods-OfflineGPSTracker_iOS-frameworks-${CONFIGURATION}-output-files.xcfilelist",
			);
			runOnlyForDeploymentPostprocessing = 0;
			shellPath = /bin/sh;
			shellScript = "\"${PODS_ROOT}/Target Support Files/Pods-OfflineGPSTracker_iOS/Pods-OfflineGPSTracker_iOS-frameworks.sh\"\n";
			showEnvVarsInLog = 0;
		};
		79F1A30BB51A8F4D0E45C3D8 /* [CP] Check Pods Manifest.lock */ = {
			isa = PBXShellScriptBuildPhase;
			buildActionMask = 2147483647;
			files = (
			);
			inputFileListPaths = (
			);
			inputPaths = (
				"${PODS_PODFILE_DIR_PATH}/Podfile.lock",
				"${PODS_ROOT}/Manifest.lock",
			);
			name = "[CP] Check Pods Manifest.lock";
			outputFileListPaths = (
			);
			outputPaths = (
				"$(DERIVED_FILE_DIR)/Pods-OfflineGPSTracker_iOS-checkManifestLockResult.txt",
			);
			runOnlyForDeploymentPostprocessing = 0;
			shellPath = /bin/sh;
			shellScript = "diff \"${PODS_PODFILE_DIR_PATH}/Podfile.lock\" \"${PODS_ROOT}/Manifest.lock\" > /dev/null\nif [ $? != 0 ] ; then\n    # print error to STDERR\n    echo \"error: The sandbox is not in sync with the Podfile.lock. Run 'pod install' or update your CocoaPods installation.\" >&2\n    exit 1\nfi\n# This output is used by Xcode 'outputs' to avoid re-running this script phase.\necho \"SUCCESS\" > \"${SCRIPT_OUTPUT_FILE_0}\"\n";
			showEnvVarsInLog = 0;
		};
		8E03802BBB266B65B067C7F0 /* [CP] Check Pods Manifest.lock */ = {
			isa = PBXShellScriptBuildPhase;
			buildActionMask = 2147483647;
			files = (
			);
			inputFileListPaths = (
			);
			inputPaths = (
				"${PODS_PODFILE_DIR_PATH}/Podfile.lock",
				"${PODS_ROOT}/Manifest.lock",
			);
			name = "[CP] Check Pods Manifest.lock";
			outputFileListPaths = (
			);
			outputPaths = (
				"$(DERIVED_FILE_DIR)/Pods-OfflineGPSTracker_iOSTests-checkManifestLockResult.txt",
			);
			runOnlyForDeploymentPostprocessing = 0;
			shellPath = /bin/sh;
			shellScript = "diff \"${PODS_PODFILE_DIR_PATH}/Podfile.lock\" \"${PODS_ROOT}/Manifest.lock\" > /dev/null\nif [ $? != 0 ] ; then\n    # print error to STDERR\n    echo \"error: The sandbox is not in sync with the Podfile.lock. Run 'pod install' or update your CocoaPods installation.\" >&2\n    exit 1\nfi\n# This output is used by Xcode 'outputs' to avoid re-running this script phase.\necho \"SUCCESS\" > \"${SCRIPT_OUTPUT_FILE_0}\"\n";
			showEnvVarsInLog = 0;
		};
		DD1A3886E8A49648E349FD75 /* [CP] Check Pods Manifest.lock */ = {
			isa = PBXShellScriptBuildPhase;
			buildActionMask = 2147483647;
			files = (
			);
			inputFileListPaths = (
			);
			inputPaths = (
				"${PODS_PODFILE_DIR_PATH}/Podfile.lock",
				"${PODS_ROOT}/Manifest.lock",
			);
			name = "[CP] Check Pods Manifest.lock";
			outputFileListPaths = (
			);
			outputPaths = (
				"$(DERIVED_FILE_DIR)/Pods-OfflineGPSTracker_iOSUITests-checkManifestLockResult.txt",
			);
			runOnlyForDeploymentPostprocessing = 0;
			shellPath = /bin/sh;
			shellScript = "diff \"${PODS_PODFILE_DIR_PATH}/Podfile.lock\" \"${PODS_ROOT}/Manifest.lock\" > /dev/null\nif [ $? != 0 ] ; then\n    # print error to STDERR\n    echo \"error: The sandbox is not in sync with the Podfile.lock. Run 'pod install' or update your CocoaPods installation.\" >&2\n    exit 1\nfi\n# This output is used by Xcode 'outputs' to avoid re-running this script phase.\necho \"SUCCESS\" > \"${SCRIPT_OUTPUT_FILE_0}\"\n";
			showEnvVarsInLog = 0;
		};
/* End PBXShellScriptBuildPhase section */

/* Begin PBXSourcesBuildPhase section */
		84B6AB052C1FF52800F33E5C /* Sources */ = {
			isa = PBXSourcesBuildPhase;
			buildActionMask = 2147483647;
			files = (
				84B6AB152C1FF52800F33E5C /* OfflineGPSTracker_iOS.xcdatamodeld in Sources */,
				84B6AB0F2C1FF52800F33E5C /* ViewController.swift in Sources */,
				84B6AB0D2C1FF52800F33E5C /* AppDelegate.swift in Sources */,
			);
			runOnlyForDeploymentPostprocessing = 0;
		};
		84B6AB1C2C1FF52A00F33E5C /* Sources */ = {
			isa = PBXSourcesBuildPhase;
			buildActionMask = 2147483647;
			files = (
				84B6AB252C1FF52A00F33E5C /* OfflineGPSTracker_iOSTests.swift in Sources */,
			);
			runOnlyForDeploymentPostprocessing = 0;
		};
		84B6AB272C1FF52A00F33E5C /* Sources */ = {
			isa = PBXSourcesBuildPhase;
			buildActionMask = 2147483647;
			files = (
				84B6AB302C1FF52A00F33E5C /* OfflineGPSTracker_iOSUITests.swift in Sources */,
			);
			runOnlyForDeploymentPostprocessing = 0;
		};
/* End PBXSourcesBuildPhase section */

/* Begin PBXTargetDependency section */
		84B6AB222C1FF52A00F33E5C /* PBXTargetDependency */ = {
			isa = PBXTargetDependency;
			target = 84B6AB082C1FF52800F33E5C /* OfflineGPSTracker_iOS */;
			targetProxy = 84B6AB212C1FF52A00F33E5C /* PBXContainerItemProxy */;
		};
		84B6AB2D2C1FF52A00F33E5C /* PBXTargetDependency */ = {
			isa = PBXTargetDependency;
			target = 84B6AB082C1FF52800F33E5C /* OfflineGPSTracker_iOS */;
			targetProxy = 84B6AB2C2C1FF52A00F33E5C /* PBXContainerItemProxy */;
		};
/* End PBXTargetDependency section */

/* Begin PBXVariantGroup section */
		84B6AB102C1FF52800F33E5C /* Main.storyboard */ = {
			isa = PBXVariantGroup;
			children = (
				84B6AB112C1FF52800F33E5C /* Base */,
			);
			name = Main.storyboard;
			sourceTree = "<group>";
		};
		84B6AB182C1FF52A00F33E5C /* LaunchScreen.storyboard */ = {
			isa = PBXVariantGroup;
			children = (
				84B6AB192C1FF52A00F33E5C /* Base */,
			);
			name = LaunchScreen.storyboard;
			sourceTree = "<group>";
		};
/* End PBXVariantGroup section */

/* Begin XCBuildConfiguration section */
		84B6AB322C1FF52A00F33E5C /* Debug */ = {
			isa = XCBuildConfiguration;
			buildSettings = {
				ALWAYS_SEARCH_USER_PATHS = NO;
				CLANG_ANALYZER_NONNULL = YES;
				CLANG_ANALYZER_NUMBER_OBJECT_CONVERSION = YES_AGGRESSIVE;
				CLANG_CXX_LANGUAGE_STANDARD = "gnu++14";
				CLANG_CXX_LIBRARY = "libc++";
				CLANG_ENABLE_MODULES = YES;
				CLANG_ENABLE_OBJC_ARC = YES;
				CLANG_ENABLE_OBJC_WEAK = YES;
				CLANG_WARN_BLOCK_CAPTURE_AUTORELEASING = YES;
				CLANG_WARN_BOOL_CONVERSION = YES;
				CLANG_WARN_COMMA = YES;
				CLANG_WARN_CONSTANT_CONVERSION = YES;
				CLANG_WARN_DEPRECATED_OBJC_IMPLEMENTATIONS = YES;
				CLANG_WARN_DIRECT_OBJC_ISA_USAGE = YES_ERROR;
				CLANG_WARN_DOCUMENTATION_COMMENTS = YES;
				CLANG_WARN_EMPTY_BODY = YES;
				CLANG_WARN_ENUM_CONVERSION = YES;
				CLANG_WARN_INFINITE_RECURSION = YES;
				CLANG_WARN_INT_CONVERSION = YES;
				CLANG_WARN_NON_LITERAL_NULL_CONVERSION = YES;
				CLANG_WARN_OBJC_IMPLICIT_RETAIN_SELF = YES;
				CLANG_WARN_OBJC_LITERAL_CONVERSION = YES;
				CLANG_WARN_OBJC_ROOT_CLASS = YES_ERROR;
				CLANG_WARN_QUOTED_INCLUDE_IN_FRAMEWORK_HEADER = YES;
				CLANG_WARN_RANGE_LOOP_ANALYSIS = YES;
				CLANG_WARN_STRICT_PROTOTYPES = YES;
				CLANG_WARN_SUSPICIOUS_MOVE = YES;
				CLANG_WARN_UNGUARDED_AVAILABILITY = YES_AGGRESSIVE;
				CLANG_WARN_UNREACHABLE_CODE = YES;
				CLANG_WARN__DUPLICATE_METHOD_MATCH = YES;
				CODE_SIGN_IDENTITY = "Don't Code Sign";
				CODE_SIGN_INJECT_BASE_ENTITLEMENTS = NO;
				COPY_PHASE_STRIP = NO;
				DEBUG_INFORMATION_FORMAT = dwarf;
				ENABLE_STRICT_OBJC_MSGSEND = YES;
				ENABLE_TESTABILITY = YES;
				GCC_C_LANGUAGE_STANDARD = gnu11;
				GCC_DYNAMIC_NO_PIC = NO;
				GCC_NO_COMMON_BLOCKS = YES;
				GCC_OPTIMIZATION_LEVEL = 0;
				GCC_PREPROCESSOR_DEFINITIONS = (
					"DEBUG=1",
					"$(inherited)",
				);
				GCC_WARN_64_TO_32_BIT_CONVERSION = YES;
				GCC_WARN_ABOUT_RETURN_TYPE = YES_ERROR;
				GCC_WARN_UNDECLARED_SELECTOR = YES;
				GCC_WARN_UNINITIALIZED_AUTOS = YES_AGGRESSIVE;
				GCC_WARN_UNUSED_FUNCTION = YES;
				GCC_WARN_UNUSED_VARIABLE = YES;
				IPHONEOS_DEPLOYMENT_TARGET = 12.0;
				MTL_ENABLE_DEBUG_INFO = INCLUDE_SOURCE;
				MTL_FAST_MATH = YES;
				ONLY_ACTIVE_ARCH = YES;
				SDKROOT = iphoneos;
				SWIFT_ACTIVE_COMPILATION_CONDITIONS = DEBUG;
				SWIFT_OPTIMIZATION_LEVEL = "-Onone";
			};
			name = Debug;
		};
		84B6AB332C1FF52A00F33E5C /* Release */ = {
			isa = XCBuildConfiguration;
			buildSettings = {
				ALWAYS_SEARCH_USER_PATHS = NO;
				CLANG_ANALYZER_NONNULL = YES;
				CLANG_ANALYZER_NUMBER_OBJECT_CONVERSION = YES_AGGRESSIVE;
				CLANG_CXX_LANGUAGE_STANDARD = "gnu++14";
				CLANG_CXX_LIBRARY = "libc++";
				CLANG_ENABLE_MODULES = YES;
				CLANG_ENABLE_OBJC_ARC = YES;
				CLANG_ENABLE_OBJC_WEAK = YES;
				CLANG_WARN_BLOCK_CAPTURE_AUTORELEASING = YES;
				CLANG_WARN_BOOL_CONVERSION = YES;
				CLANG_WARN_COMMA = YES;
				CLANG_WARN_CONSTANT_CONVERSION = YES;
				CLANG_WARN_DEPRECATED_OBJC_IMPLEMENTATIONS = YES;
				CLANG_WARN_DIRECT_OBJC_ISA_USAGE = YES_ERROR;
				CLANG_WARN_DOCUMENTATION_COMMENTS = YES;
				CLANG_WARN_EMPTY_BODY = YES;
				CLANG_WARN_ENUM_CONVERSION = YES;
				CLANG_WARN_INFINITE_RECURSION = YES;
				CLANG_WARN_INT_CONVERSION = YES;
				CLANG_WARN_NON_LITERAL_NULL_CONVERSION = YES;
				CLANG_WARN_OBJC_IMPLICIT_RETAIN_SELF = YES;
				CLANG_WARN_OBJC_LITERAL_CONVERSION = YES;
				CLANG_WARN_OBJC_ROOT_CLASS = YES_ERROR;
				CLANG_WARN_QUOTED_INCLUDE_IN_FRAMEWORK_HEADER = YES;
				CLANG_WARN_RANGE_LOOP_ANALYSIS = YES;
				CLANG_WARN_STRICT_PROTOTYPES = YES;
				CLANG_WARN_SUSPICIOUS_MOVE = YES;
				CLANG_WARN_UNGUARDED_AVAILABILITY = YES_AGGRESSIVE;
				CLANG_WARN_UNREACHABLE_CODE = YES;
				CLANG_WARN__DUPLICATE_METHOD_MATCH = YES;
				CODE_SIGN_IDENTITY = "Don't Code Sign";
				CODE_SIGN_INJECT_BASE_ENTITLEMENTS = NO;
				COPY_PHASE_STRIP = NO;
				DEBUG_INFORMATION_FORMAT = "dwarf-with-dsym";
				ENABLE_NS_ASSERTIONS = NO;
				ENABLE_STRICT_OBJC_MSGSEND = YES;
				GCC_C_LANGUAGE_STANDARD = gnu11;
				GCC_NO_COMMON_BLOCKS = YES;
				GCC_WARN_64_TO_32_BIT_CONVERSION = YES;
				GCC_WARN_ABOUT_RETURN_TYPE = YES_ERROR;
				GCC_WARN_UNDECLARED_SELECTOR = YES;
				GCC_WARN_UNINITIALIZED_AUTOS = YES_AGGRESSIVE;
				GCC_WARN_UNUSED_FUNCTION = YES;
				GCC_WARN_UNUSED_VARIABLE = YES;
				IPHONEOS_DEPLOYMENT_TARGET = 12.0;
				MTL_ENABLE_DEBUG_INFO = NO;
				MTL_FAST_MATH = YES;
				SDKROOT = iphoneos;
				SWIFT_COMPILATION_MODE = wholemodule;
				SWIFT_OPTIMIZATION_LEVEL = "-O";
				VALIDATE_PRODUCT = YES;
			};
			name = Release;
		};
		84B6AB352C1FF52A00F33E5C /* Debug */ = {
			isa = XCBuildConfiguration;
			baseConfigurationReference = 1973997ED137FC03E97D9C89 /* Pods-OfflineGPSTracker_iOS.debug.xcconfig */;
			buildSettings = {
				ASSETCATALOG_COMPILER_APPICON_NAME = AppIcon;
				CODE_SIGN_STYLE = Manual;
				DEVELOPMENT_TEAM = "";
				INFOPLIST_FILE = OfflineGPSTracker_iOS/Info.plist;
				LD_RUNPATH_SEARCH_PATHS = (
					"$(inherited)",
					"@executable_path/Frameworks",
				);
				PRODUCT_BUNDLE_IDENTIFIER = "com.example.OfflineGPSTracker-iOS";
				PRODUCT_NAME = "$(TARGET_NAME)";
				PROVISIONING_PROFILE_SPECIFIER = "";
				SWIFT_VERSION = 4.2;
				TARGETED_DEVICE_FAMILY = "1,2";
			};
			name = Debug;
		};
		84B6AB362C1FF52A00F33E5C /* Release */ = {
			isa = XCBuildConfiguration;
			baseConfigurationReference = ABCF25B737980C0BA4CD7902 /* Pods-OfflineGPSTracker_iOS.release.xcconfig */;
			buildSettings = {
				ASSETCATALOG_COMPILER_APPICON_NAME = AppIcon;
				CODE_SIGN_STYLE = Manual;
				DEVELOPMENT_TEAM = "";
				INFOPLIST_FILE = OfflineGPSTracker_iOS/Info.plist;
				LD_RUNPATH_SEARCH_PATHS = (
					"$(inherited)",
					"@executable_path/Frameworks",
				);
				PRODUCT_BUNDLE_IDENTIFIER = "com.example.OfflineGPSTracker-iOS";
				PRODUCT_NAME = "$(TARGET_NAME)";
				PROVISIONING_PROFILE_SPECIFIER = "";
				SWIFT_VERSION = 4.2;
				TARGETED_DEVICE_FAMILY = "1,2";
			};
			name = Release;
		};
		84B6AB382C1FF52A00F33E5C /* Debug */ = {
			isa = XCBuildConfiguration;
			baseConfigurationReference = 0AC5160AFD646EC5E5B75BC3 /* Pods-OfflineGPSTracker_iOSTests.debug.xcconfig */;
			buildSettings = {
				ALWAYS_EMBED_SWIFT_STANDARD_LIBRARIES = YES;
				BUNDLE_LOADER = "$(TEST_HOST)";
				CODE_SIGN_STYLE = Automatic;
				INFOPLIST_FILE = OfflineGPSTracker_iOSTests/Info.plist;
				LD_RUNPATH_SEARCH_PATHS = (
					"$(inherited)",
					"@executable_path/Frameworks",
					"@loader_path/Frameworks",
				);
				PRODUCT_BUNDLE_IDENTIFIER = "com.example.OfflineGPSTracker-iOSTests";
				PRODUCT_NAME = "$(TARGET_NAME)";
				SWIFT_VERSION = 4.2;
				TARGETED_DEVICE_FAMILY = "1,2";
				TEST_HOST = "$(BUILT_PRODUCTS_DIR)/OfflineGPSTracker_iOS.app/OfflineGPSTracker_iOS";
			};
			name = Debug;
		};
		84B6AB392C1FF52A00F33E5C /* Release */ = {
			isa = XCBuildConfiguration;
			baseConfigurationReference = 094E4DF886790A2496DCB8F2 /* Pods-OfflineGPSTracker_iOSTests.release.xcconfig */;
			buildSettings = {
				ALWAYS_EMBED_SWIFT_STANDARD_LIBRARIES = YES;
				BUNDLE_LOADER = "$(TEST_HOST)";
				CODE_SIGN_STYLE = Automatic;
				INFOPLIST_FILE = OfflineGPSTracker_iOSTests/Info.plist;
				LD_RUNPATH_SEARCH_PATHS = (
					"$(inherited)",
					"@executable_path/Frameworks",
					"@loader_path/Frameworks",
				);
				PRODUCT_BUNDLE_IDENTIFIER = "com.example.OfflineGPSTracker-iOSTests";
				PRODUCT_NAME = "$(TARGET_NAME)";
				SWIFT_VERSION = 4.2;
				TARGETED_DEVICE_FAMILY = "1,2";
				TEST_HOST = "$(BUILT_PRODUCTS_DIR)/OfflineGPSTracker_iOS.app/OfflineGPSTracker_iOS";
			};
			name = Release;
		};
		84B6AB3B2C1FF52A00F33E5C /* Debug */ = {
			isa = XCBuildConfiguration;
			baseConfigurationReference = 0C80BD948E8FEA29F9DE7236 /* Pods-OfflineGPSTracker_iOSUITests.debug.xcconfig */;
			buildSettings = {
				ALWAYS_EMBED_SWIFT_STANDARD_LIBRARIES = YES;
				CODE_SIGN_STYLE = Automatic;
				INFOPLIST_FILE = OfflineGPSTracker_iOSUITests/Info.plist;
				LD_RUNPATH_SEARCH_PATHS = (
					"$(inherited)",
					"@executable_path/Frameworks",
					"@loader_path/Frameworks",
				);
				PRODUCT_BUNDLE_IDENTIFIER = "com.example.OfflineGPSTracker-iOSUITests";
				PRODUCT_NAME = "$(TARGET_NAME)";
				SWIFT_VERSION = 4.2;
				TARGETED_DEVICE_FAMILY = "1,2";
				TEST_TARGET_NAME = OfflineGPSTracker_iOS;
			};
			name = Debug;
		};
		84B6AB3C2C1FF52A00F33E5C /* Release */ = {
			isa = XCBuildConfiguration;
			baseConfigurationReference = EF24F2124EBE240C02DACE9D /* Pods-OfflineGPSTracker_iOSUITests.release.xcconfig */;
			buildSettings = {
				ALWAYS_EMBED_SWIFT_STANDARD_LIBRARIES = YES;
				CODE_SIGN_STYLE = Automatic;
				INFOPLIST_FILE = OfflineGPSTracker_iOSUITests/Info.plist;
				LD_RUNPATH_SEARCH_PATHS = (
					"$(inherited)",
					"@executable_path/Frameworks",
					"@loader_path/Frameworks",
				);
				PRODUCT_BUNDLE_IDENTIFIER = "com.example.OfflineGPSTracker-iOSUITests";
				PRODUCT_NAME = "$(TARGET_NAME)";
				SWIFT_VERSION = 4.2;
				TARGETED_DEVICE_FAMILY = "1,2";
				TEST_TARGET_NAME = OfflineGPSTracker_iOS;
			};
			name = Release;
		};
/* End XCBuildConfiguration section */

/* Begin XCConfigurationList section */
		84B6AB042C1FF52800F33E5C /* Build configuration list for PBXProject "OfflineGPSTracker_iOS" */ = {
			isa = XCConfigurationList;
			buildConfigurations = (
				84B6AB322C1FF52A00F33E5C /* Debug */,
				84B6AB332C1FF52A00F33E5C /* Release */,
			);
			defaultConfigurationIsVisible = 0;
			defaultConfigurationName = Release;
		};
		84B6AB342C1FF52A00F33E5C /* Build configuration list for PBXNativeTarget "OfflineGPSTracker_iOS" */ = {
			isa = XCConfigurationList;
			buildConfigurations = (
				84B6AB352C1FF52A00F33E5C /* Debug */,
				84B6AB362C1FF52A00F33E5C /* Release */,
			);
			defaultConfigurationIsVisible = 0;
			defaultConfigurationName = Release;
		};
		84B6AB372C1FF52A00F33E5C /* Build configuration list for PBXNativeTarget "OfflineGPSTracker_iOSTests" */ = {
			isa = XCConfigurationList;
			buildConfigurations = (
				84B6AB382C1FF52A00F33E5C /* Debug */,
				84B6AB392C1FF52A00F33E5C /* Release */,
			);
			defaultConfigurationIsVisible = 0;
			defaultConfigurationName = Release;
		};
		84B6AB3A2C1FF52A00F33E5C /* Build configuration list for PBXNativeTarget "OfflineGPSTracker_iOSUITests" */ = {
			isa = XCConfigurationList;
			buildConfigurations = (
				84B6AB3B2C1FF52A00F33E5C /* Debug */,
				84B6AB3C2C1FF52A00F33E5C /* Release */,
			);
			defaultConfigurationIsVisible = 0;
			defaultConfigurationName = Release;
		};
/* End XCConfigurationList section */

/* Begin XCVersionGroup section */
		84B6AB132C1FF52800F33E5C /* OfflineGPSTracker_iOS.xcdatamodeld */ = {
			isa = XCVersionGroup;
			children = (
				84480BFA2C2125D5004D7814 /* OfflineGPSTracker_iOS.xcdatamodel */,
				84B6AB142C1FF52800F33E5C /* OfflineGPSTracker_iOS.xcdatamodel */,
			);
			currentVersion = 84B6AB142C1FF52800F33E5C /* OfflineGPSTracker_iOS.xcdatamodel */;
			path = OfflineGPSTracker_iOS.xcdatamodeld;
			sourceTree = "<group>";
			versionGroupType = wrapper.xcdatamodel;
		};
/* End XCVersionGroup section */
	};
	rootObject = 84B6AB012C1FF52800F33E5C /* Project object */;
}
